
Microsoft Visual Studio Solution File, Format Version 12.00
# Visual Studio Version 17
VisualStudioVersion = 17.14.36717.8
MinimumVisualStudioVersion = 10.0.40219.1
Project("{FAE04EC0-301F-11D3-BF4B-00C04F79EFBC}") = "WebForms_Practice", "WebForms_Practice\WebForms_Practice.csproj", "{3F074B4B-1720-4A89-AB23-631E2DB79A3F}"
EndProject
Project("{FAE04EC0-301F-11D3-BF4B-00C04F79EFBC}") = "NIT_LAB_QUE", "NIT_LAB_QUE\NIT_LAB_QUE.csproj", "{D6B2B90A-468E-47B4-B225-05041E63CEB0}"
EndProject
Global
	GlobalSection(SolutionConfigurationPlatforms) = preSolution
		Debug|Any CPU = Debug|Any CPU
		Release|Any CPU = Release|Any CPU
	EndGlobalSection
	GlobalSection(ProjectConfigurationPlatforms) = postSolution
		{3F074B4B-1720-4A89-AB23-631E2DB79A3F}.Debug|Any CPU.ActiveCfg = Debug|Any CPU
		{3F074B4B-1720-4A89-AB23-631E2DB79A3F}.Debug|Any CPU.Build.0 = Debug|Any CPU
		{3F074B4B-1720-4A89-AB23-631E2DB79A3F}.Release|Any CPU.ActiveCfg = Release|Any CPU
		{3F074B4B-1720-4A89-AB23-631E2DB79A3F}.Release|Any CPU.Build.0 = Release|Any CPU
		{D6B2B90A-468E-47B4-B225-05041E63CEB0}.Debug|Any CPU.ActiveCfg = Debug|Any CPU
		{D6B2B90A-468E-47B4-B225-05041E63CEB0}.Debug|Any CPU.Build.0 = Debug|Any CPU
		{D6B2B90A-468E-47B4-B225-05041E63CEB0}.Release|Any CPU.ActiveCfg = Release|Any CPU
		{D6B2B90A-468E-47B4-B225-05041E63CEB0}.Release|Any CPU.Build.0 = Release|Any CPU
	EndGlobalSection
	GlobalSection(SolutionProperties) = preSolution
		HideSolutionNode = FALSE
	EndGlobalSection
	GlobalSection(ExtensibilityGlobals) = postSolution
		SolutionGuid = {C318AB2D-45D7-48DA-8E96-04BEB602B91F}
	EndGlobalSection
EndGlobal
